
Microsoft Visual Studio Solution File, Format Version 12.00
# Visual Studio Version 16
VisualStudioVersion = 16.0.33214.272
MinimumVisualStudioVersion = 10.0.40219.1
Project("{FAE04EC0-301F-11D3-BF4B-00C04F79EFBC}") = "wpimage", "wpimage.csproj", "{1729F7A3-66E0-4CC5-8104-09AFFA6AA1E4}"
EndProject
Global
	GlobalSection(SolutionConfigurationPlatforms) = preSolution
		Debug|Any CPU = Debug|Any CPU
		Release|Any CPU = Release|Any CPU
	EndGlobalSection
	GlobalSection(ProjectConfigurationPlatforms) = postSolution
		{1729F7A3-66E0-4CC5-8104-09AFFA6AA1E4}.Debug|Any CPU.ActiveCfg = Debug|Any CPU
		{1729F7A3-66E0-4CC5-8104-09AFFA6AA1E4}.Debug|Any CPU.Build.0 = Debug|Any CPU
		{1729F7A3-66E0-4CC5-8104-09AFFA6AA1E4}.Release|Any CPU.ActiveCfg = Release|Any CPU
		{1729F7A3-66E0-4CC5-8104-09AFFA6AA1E4}.Release|Any CPU.Build.0 = Release|Any CPU
	EndGlobalSection
	GlobalSection(SolutionProperties) = preSolution
		HideSolutionNode = FALSE
	EndGlobalSection
	GlobalSection(ExtensibilityGlobals) = postSolution
		SolutionGuid = {6AE7D1BC-6365-47F9-AF85-8090262FEB6F}
	EndGlobalSection
EndGlobal
